
Microsoft Visual Studio Solution File, Format Version 12.00
# Visual Studio Version 16
VisualStudioVersion = 16.0.30128.74
MinimumVisualStudioVersion = 10.0.40219.1
Project("{FAE04EC0-301F-11D3-BF4B-00C04F79EFBC}") = "thumbstack.webapi", "thumbstack.webapi\thumbstack.webapi.csproj", "{86C3D337-8086-4E86-BD2D-EC94C7F3652C}"
EndProject
Global
	GlobalSection(SolutionConfigurationPlatforms) = preSolution
		Debug|Any CPU = Debug|Any CPU
		Release|Any CPU = Release|Any CPU
	EndGlobalSection
	GlobalSection(ProjectConfigurationPlatforms) = postSolution
		{86C3D337-8086-4E86-BD2D-EC94C7F3652C}.Debug|Any CPU.ActiveCfg = Debug|Any CPU
		{86C3D337-8086-4E86-BD2D-EC94C7F3652C}.Debug|Any CPU.Build.0 = Debug|Any CPU
		{86C3D337-8086-4E86-BD2D-EC94C7F3652C}.Release|Any CPU.ActiveCfg = Release|Any CPU
		{86C3D337-8086-4E86-BD2D-EC94C7F3652C}.Release|Any CPU.Build.0 = Release|Any CPU
	EndGlobalSection
	GlobalSection(SolutionProperties) = preSolution
		HideSolutionNode = FALSE
	EndGlobalSection
	GlobalSection(ExtensibilityGlobals) = postSolution
		SolutionGuid = {D3C38345-273F-46DE-A9DA-3106EC54D546}
	EndGlobalSection
EndGlobal
